
Microsoft Visual Studio Solution File, Format Version 12.00
# Visual Studio 14
VisualStudioVersion = 14.0.25420.1
MinimumVisualStudioVersion = 10.0.40219.1
Project("{FAE04EC0-301F-11D3-BF4B-00C04F79EFBC}") = "REST.Base", "REST.Base\REST.Base.csproj", "{945E94B9-C49A-46EF-9412-554B5ACEF4A3}"
EndProject
Project("{FAE04EC0-301F-11D3-BF4B-00C04F79EFBC}") = "REST.Cache", "REST.Cache\REST.Cache.csproj", "{60A6F862-3368-4778-A13D-444FCF0E8818}"
EndProject
Project("{FAE04EC0-301F-11D3-BF4B-00C04F79EFBC}") = "REST.Engine", "REST.Engine\REST.Engine.csproj", "{6500271A-F823-4C0B-A75E-3D516E78A38E}"
EndProject
Project("{FAE04EC0-301F-11D3-BF4B-00C04F79EFBC}") = "REST.Web", "REST.Web\REST.Web.csproj", "{88F26CA9-91E1-4C08-8FD8-28C2C905CF7F}"
EndProject
Project("{2150E333-8FDC-42A3-9474-1A3956D46DE8}") = "Core", "Core", "{F704458D-FDC9-46F4-AEEE-818027344E0F}"
EndProject
Project("{2150E333-8FDC-42A3-9474-1A3956D46DE8}") = "Business", "Business", "{37CAB2E8-5E2A-4278-B98F-97126F7B2B33}"
EndProject
Project("{2150E333-8FDC-42A3-9474-1A3956D46DE8}") = "V11", "V11", "{56F36FCF-CE69-413C-84C7-11B57FCD7414}"
EndProject
Project("{FAE04EC0-301F-11D3-BF4B-00C04F79EFBC}") = "REST.Action.V11", "REST.Action.V11\REST.Action.V11.csproj", "{1EBF8B55-B756-4A72-82B4-5B46FAC5C3BF}"
EndProject
Project("{FAE04EC0-301F-11D3-BF4B-00C04F79EFBC}") = "REST.Model.V11", "REST.Model.V11\REST.Model.V11.csproj", "{F2CD6CF6-A449-4ED1-A7B3-EBB6E4734C0E}"
EndProject
Project("{2150E333-8FDC-42A3-9474-1A3956D46DE8}") = "Demo", "Demo", "{CB1FD42A-1B3F-4CC7-9139-C489CC74590A}"
EndProject
Project("{FAE04EC0-301F-11D3-BF4B-00C04F79EFBC}") = "REST.DemoApp", "REST.DemoApp\REST.DemoApp.csproj", "{3FCB97DC-B8BD-4D84-A21C-DC3259B80356}"
EndProject
Global
	GlobalSection(SolutionConfigurationPlatforms) = preSolution
		Debug|Any CPU = Debug|Any CPU
		Release|Any CPU = Release|Any CPU
	EndGlobalSection
	GlobalSection(ProjectConfigurationPlatforms) = postSolution
		{945E94B9-C49A-46EF-9412-554B5ACEF4A3}.Debug|Any CPU.ActiveCfg = Debug|Any CPU
		{945E94B9-C49A-46EF-9412-554B5ACEF4A3}.Debug|Any CPU.Build.0 = Debug|Any CPU
		{945E94B9-C49A-46EF-9412-554B5ACEF4A3}.Release|Any CPU.ActiveCfg = Release|Any CPU
		{945E94B9-C49A-46EF-9412-554B5ACEF4A3}.Release|Any CPU.Build.0 = Release|Any CPU
		{60A6F862-3368-4778-A13D-444FCF0E8818}.Debug|Any CPU.ActiveCfg = Debug|Any CPU
		{60A6F862-3368-4778-A13D-444FCF0E8818}.Debug|Any CPU.Build.0 = Debug|Any CPU
		{60A6F862-3368-4778-A13D-444FCF0E8818}.Release|Any CPU.ActiveCfg = Release|Any CPU
		{60A6F862-3368-4778-A13D-444FCF0E8818}.Release|Any CPU.Build.0 = Release|Any CPU
		{6500271A-F823-4C0B-A75E-3D516E78A38E}.Debug|Any CPU.ActiveCfg = Debug|Any CPU
		{6500271A-F823-4C0B-A75E-3D516E78A38E}.Debug|Any CPU.Build.0 = Debug|Any CPU
		{6500271A-F823-4C0B-A75E-3D516E78A38E}.Release|Any CPU.ActiveCfg = Release|Any CPU
		{6500271A-F823-4C0B-A75E-3D516E78A38E}.Release|Any CPU.Build.0 = Release|Any CPU
		{88F26CA9-91E1-4C08-8FD8-28C2C905CF7F}.Debug|Any CPU.ActiveCfg = Debug|Any CPU
		{88F26CA9-91E1-4C08-8FD8-28C2C905CF7F}.Debug|Any CPU.Build.0 = Debug|Any CPU
		{88F26CA9-91E1-4C08-8FD8-28C2C905CF7F}.Release|Any CPU.ActiveCfg = Release|Any CPU
		{88F26CA9-91E1-4C08-8FD8-28C2C905CF7F}.Release|Any CPU.Build.0 = Release|Any CPU
		{1EBF8B55-B756-4A72-82B4-5B46FAC5C3BF}.Debug|Any CPU.ActiveCfg = Debug|Any CPU
		{1EBF8B55-B756-4A72-82B4-5B46FAC5C3BF}.Debug|Any CPU.Build.0 = Debug|Any CPU
		{1EBF8B55-B756-4A72-82B4-5B46FAC5C3BF}.Release|Any CPU.ActiveCfg = Release|Any CPU
		{1EBF8B55-B756-4A72-82B4-5B46FAC5C3BF}.Release|Any CPU.Build.0 = Release|Any CPU
		{F2CD6CF6-A449-4ED1-A7B3-EBB6E4734C0E}.Debug|Any CPU.ActiveCfg = Debug|Any CPU
		{F2CD6CF6-A449-4ED1-A7B3-EBB6E4734C0E}.Debug|Any CPU.Build.0 = Debug|Any CPU
		{F2CD6CF6-A449-4ED1-A7B3-EBB6E4734C0E}.Release|Any CPU.ActiveCfg = Release|Any CPU
		{F2CD6CF6-A449-4ED1-A7B3-EBB6E4734C0E}.Release|Any CPU.Build.0 = Release|Any CPU
		{3FCB97DC-B8BD-4D84-A21C-DC3259B80356}.Debug|Any CPU.ActiveCfg = Debug|Any CPU
		{3FCB97DC-B8BD-4D84-A21C-DC3259B80356}.Debug|Any CPU.Build.0 = Debug|Any CPU
		{3FCB97DC-B8BD-4D84-A21C-DC3259B80356}.Release|Any CPU.ActiveCfg = Release|Any CPU
		{3FCB97DC-B8BD-4D84-A21C-DC3259B80356}.Release|Any CPU.Build.0 = Release|Any CPU
	EndGlobalSection
	GlobalSection(SolutionProperties) = preSolution
		HideSolutionNode = FALSE
	EndGlobalSection
	GlobalSection(NestedProjects) = preSolution
		{945E94B9-C49A-46EF-9412-554B5ACEF4A3} = {F704458D-FDC9-46F4-AEEE-818027344E0F}
		{60A6F862-3368-4778-A13D-444FCF0E8818} = {F704458D-FDC9-46F4-AEEE-818027344E0F}
		{6500271A-F823-4C0B-A75E-3D516E78A38E} = {F704458D-FDC9-46F4-AEEE-818027344E0F}
		{88F26CA9-91E1-4C08-8FD8-28C2C905CF7F} = {F704458D-FDC9-46F4-AEEE-818027344E0F}
		{56F36FCF-CE69-413C-84C7-11B57FCD7414} = {37CAB2E8-5E2A-4278-B98F-97126F7B2B33}
		{1EBF8B55-B756-4A72-82B4-5B46FAC5C3BF} = {56F36FCF-CE69-413C-84C7-11B57FCD7414}
		{F2CD6CF6-A449-4ED1-A7B3-EBB6E4734C0E} = {56F36FCF-CE69-413C-84C7-11B57FCD7414}
		{3FCB97DC-B8BD-4D84-A21C-DC3259B80356} = {CB1FD42A-1B3F-4CC7-9139-C489CC74590A}
	EndGlobalSection
EndGlobal
